
Microsoft Visual Studio Solution File, Format Version 12.00
# Visual Studio Version 17
VisualStudioVersion = 17.0.31903.59
MinimumVisualStudioVersion = 10.0.40219.1
Project("{9A19103F-16F7-4668-BE54-9A1E7A4F7556}") = "BestHand_2347", "BestHand_2347\BestHand_2347.csproj", "{53D3D252-E2CA-44C6-8181-5B831D3D63CB}"
EndProject
Project("{9A19103F-16F7-4668-BE54-9A1E7A4F7556}") = "MinTaps_1326", "MinTaps_1326\MinTaps_1326.csproj", "{878A2249-E527-4B28-A5BE-0B5552E27154}"
EndProject
Project("{9A19103F-16F7-4668-BE54-9A1E7A4F7556}") = "StoneGame2_1140", "StoneGame2_1140\StoneGame2_1140.csproj", "{3CC96209-D74E-4F4F-B36B-AA587E668FD8}"
EndProject
Project("{9A19103F-16F7-4668-BE54-9A1E7A4F7556}") = "CircularPermutation_1238", "CircularPermutation_1238\CircularPermutation_1238.csproj", "{C4C0635F-FD37-402F-AFEA-CCE4ED608847}"
EndProject
Project("{9A19103F-16F7-4668-BE54-9A1E7A4F7556}") = "MinimumOperations_2357", "MinimumOperations_2357\MinimumOperations_2357.csproj", "{A5EEF87E-BE05-4611-BE28-2BCE33DDB9DA}"
EndProject
Project("{FAE04EC0-301F-11D3-BF4B-00C04F79EFBC}") = "MovesToMakeZigzag_1144", "MovesToMakeZigzag_1144\MovesToMakeZigzag_1144.csproj", "{364229A4-201D-42DB-BFC6-1FE733CC1455}"
EndProject
Project("{FAE04EC0-301F-11D3-BF4B-00C04F79EFBC}") = "MergeSimilarItems_2363", "MergeSimilarItems_2363\MergeSimilarItems_2363.csproj", "{60425CBE-3612-446A-88B2-7ECACE1FF342}"
EndProject
Project("{FAE04EC0-301F-11D3-BF4B-00C04F79EFBC}") = "LargestLocal_2373", "LargestLocal_2373\LargestLocal_2373.csproj", "{6826CFA2-3A16-4B96-974C-A9C4215A20C9}"
EndProject
Global
	GlobalSection(SolutionConfigurationPlatforms) = preSolution
		Debug|Any CPU = Debug|Any CPU
		Release|Any CPU = Release|Any CPU
	EndGlobalSection
	GlobalSection(ProjectConfigurationPlatforms) = postSolution
		{53D3D252-E2CA-44C6-8181-5B831D3D63CB}.Debug|Any CPU.ActiveCfg = Debug|Any CPU
		{53D3D252-E2CA-44C6-8181-5B831D3D63CB}.Debug|Any CPU.Build.0 = Debug|Any CPU
		{53D3D252-E2CA-44C6-8181-5B831D3D63CB}.Release|Any CPU.ActiveCfg = Release|Any CPU
		{53D3D252-E2CA-44C6-8181-5B831D3D63CB}.Release|Any CPU.Build.0 = Release|Any CPU
		{878A2249-E527-4B28-A5BE-0B5552E27154}.Debug|Any CPU.ActiveCfg = Debug|Any CPU
		{878A2249-E527-4B28-A5BE-0B5552E27154}.Debug|Any CPU.Build.0 = Debug|Any CPU
		{878A2249-E527-4B28-A5BE-0B5552E27154}.Release|Any CPU.ActiveCfg = Release|Any CPU
		{878A2249-E527-4B28-A5BE-0B5552E27154}.Release|Any CPU.Build.0 = Release|Any CPU
		{3CC96209-D74E-4F4F-B36B-AA587E668FD8}.Debug|Any CPU.ActiveCfg = Debug|Any CPU
		{3CC96209-D74E-4F4F-B36B-AA587E668FD8}.Debug|Any CPU.Build.0 = Debug|Any CPU
		{3CC96209-D74E-4F4F-B36B-AA587E668FD8}.Release|Any CPU.ActiveCfg = Release|Any CPU
		{3CC96209-D74E-4F4F-B36B-AA587E668FD8}.Release|Any CPU.Build.0 = Release|Any CPU
		{C4C0635F-FD37-402F-AFEA-CCE4ED608847}.Debug|Any CPU.ActiveCfg = Debug|Any CPU
		{C4C0635F-FD37-402F-AFEA-CCE4ED608847}.Debug|Any CPU.Build.0 = Debug|Any CPU
		{C4C0635F-FD37-402F-AFEA-CCE4ED608847}.Release|Any CPU.ActiveCfg = Release|Any CPU
		{C4C0635F-FD37-402F-AFEA-CCE4ED608847}.Release|Any CPU.Build.0 = Release|Any CPU
		{A5EEF87E-BE05-4611-BE28-2BCE33DDB9DA}.Debug|Any CPU.ActiveCfg = Debug|Any CPU
		{A5EEF87E-BE05-4611-BE28-2BCE33DDB9DA}.Debug|Any CPU.Build.0 = Debug|Any CPU
		{A5EEF87E-BE05-4611-BE28-2BCE33DDB9DA}.Release|Any CPU.ActiveCfg = Release|Any CPU
		{A5EEF87E-BE05-4611-BE28-2BCE33DDB9DA}.Release|Any CPU.Build.0 = Release|Any CPU
		{364229A4-201D-42DB-BFC6-1FE733CC1455}.Debug|Any CPU.ActiveCfg = Debug|Any CPU
		{364229A4-201D-42DB-BFC6-1FE733CC1455}.Debug|Any CPU.Build.0 = Debug|Any CPU
		{364229A4-201D-42DB-BFC6-1FE733CC1455}.Release|Any CPU.ActiveCfg = Release|Any CPU
		{364229A4-201D-42DB-BFC6-1FE733CC1455}.Release|Any CPU.Build.0 = Release|Any CPU
		{60425CBE-3612-446A-88B2-7ECACE1FF342}.Debug|Any CPU.ActiveCfg = Debug|Any CPU
		{60425CBE-3612-446A-88B2-7ECACE1FF342}.Debug|Any CPU.Build.0 = Debug|Any CPU
		{60425CBE-3612-446A-88B2-7ECACE1FF342}.Release|Any CPU.ActiveCfg = Release|Any CPU
		{60425CBE-3612-446A-88B2-7ECACE1FF342}.Release|Any CPU.Build.0 = Release|Any CPU
		{6826CFA2-3A16-4B96-974C-A9C4215A20C9}.Debug|Any CPU.ActiveCfg = Debug|Any CPU
		{6826CFA2-3A16-4B96-974C-A9C4215A20C9}.Debug|Any CPU.Build.0 = Debug|Any CPU
		{6826CFA2-3A16-4B96-974C-A9C4215A20C9}.Release|Any CPU.ActiveCfg = Release|Any CPU
		{6826CFA2-3A16-4B96-974C-A9C4215A20C9}.Release|Any CPU.Build.0 = Release|Any CPU
	EndGlobalSection
	GlobalSection(SolutionProperties) = preSolution
		HideSolutionNode = FALSE
	EndGlobalSection
	GlobalSection(ExtensibilityGlobals) = postSolution
		SolutionGuid = {DECF74F8-9D99-42DE-954F-5264AEBF0C67}
	EndGlobalSection
EndGlobal
